
Microsoft Visual Studio Solution File, Format Version 12.00
# Visual Studio Version 16
VisualStudioVersion = 16.0.30611.23
MinimumVisualStudioVersion = 10.0.40219.1
Project("{8BC9CEB8-8B4A-11D0-8D11-00A0C91BC942}") = "7.3(3)", "7.3(3).vcxproj", "{074683F2-B017-449C-B02D-91A2063A8A14}"
EndProject
Project("{8BC9CEB8-8B4A-11D0-8D11-00A0C91BC942}") = "UnitTest7.3(3)", "..\UnitTest7.3(3)\UnitTest7.3(3).vcxproj", "{8500ADF7-E702-488F-B0D3-5401365DD2E0}"
EndProject
Global
	GlobalSection(SolutionConfigurationPlatforms) = preSolution
		Debug|x64 = Debug|x64
		Debug|x86 = Debug|x86
		Release|x64 = Release|x64
		Release|x86 = Release|x86
	EndGlobalSection
	GlobalSection(ProjectConfigurationPlatforms) = postSolution
		{074683F2-B017-449C-B02D-91A2063A8A14}.Debug|x64.ActiveCfg = Debug|x64
		{074683F2-B017-449C-B02D-91A2063A8A14}.Debug|x64.Build.0 = Debug|x64
		{074683F2-B017-449C-B02D-91A2063A8A14}.Debug|x86.ActiveCfg = Debug|Win32
		{074683F2-B017-449C-B02D-91A2063A8A14}.Debug|x86.Build.0 = Debug|Win32
		{074683F2-B017-449C-B02D-91A2063A8A14}.Release|x64.ActiveCfg = Release|x64
		{074683F2-B017-449C-B02D-91A2063A8A14}.Release|x64.Build.0 = Release|x64
		{074683F2-B017-449C-B02D-91A2063A8A14}.Release|x86.ActiveCfg = Release|Win32
		{074683F2-B017-449C-B02D-91A2063A8A14}.Release|x86.Build.0 = Release|Win32
		{8500ADF7-E702-488F-B0D3-5401365DD2E0}.Debug|x64.ActiveCfg = Debug|x64
		{8500ADF7-E702-488F-B0D3-5401365DD2E0}.Debug|x64.Build.0 = Debug|x64
		{8500ADF7-E702-488F-B0D3-5401365DD2E0}.Debug|x86.ActiveCfg = Debug|Win32
		{8500ADF7-E702-488F-B0D3-5401365DD2E0}.Debug|x86.Build.0 = Debug|Win32
		{8500ADF7-E702-488F-B0D3-5401365DD2E0}.Release|x64.ActiveCfg = Release|x64
		{8500ADF7-E702-488F-B0D3-5401365DD2E0}.Release|x64.Build.0 = Release|x64
		{8500ADF7-E702-488F-B0D3-5401365DD2E0}.Release|x86.ActiveCfg = Release|Win32
		{8500ADF7-E702-488F-B0D3-5401365DD2E0}.Release|x86.Build.0 = Release|Win32
	EndGlobalSection
	GlobalSection(SolutionProperties) = preSolution
		HideSolutionNode = FALSE
	EndGlobalSection
	GlobalSection(ExtensibilityGlobals) = postSolution
		SolutionGuid = {9CA54CBC-AEDA-4620-B93D-FD31D1FC8E24}
	EndGlobalSection
EndGlobal
